{
  "version": 4,
  "terraform_version": "1.6.5",
  "serial": 262,
  "lineage": "72b43ba7-16c0-a7b7-45e0-c35427e6389f",
  "outputs": {
    "info": {
      "value": {
        "info": "192.168.100.234"
      },
      "type": [
        "object",
        {
          "info": "string"
        }
      ]
    }
  },
  "resources": [
    {
      "mode": "managed",
      "type": "libvirt_network",
      "name": "mynetwork",
      "provider": "provider[\"registry.terraform.io/dmacvicar/libvirt\"]",
      "instances": [
        {
          "schema_version": 0,
          "attributes": {
            "addresses": [
              "192.168.100.0/24"
            ],
            "autostart": false,
            "bridge": "virbr3",
            "dhcp": [
              {
                "enabled": true
              }
            ],
            "dns": [
              {
                "enabled": false,
                "forwarders": [],
                "hosts": [],
                "local_only": false,
                "srvs": []
              }
            ],
            "dnsmasq_options": [],
            "domain": "mynetwork.local",
            "id": "93e93bed-4035-4fd3-a9b4-cb4e1aea469d",
            "mode": "nat",
            "mtu": null,
            "name": "mynetwork",
            "routes": [],
            "xml": []
          },
          "sensitive_attributes": [],
          "private": "bnVsbA=="
        }
      ]
    },
    {
      "module": "module.debian12",
      "mode": "data",
      "type": "template_file",
      "name": "meta_data",
      "provider": "provider[\"registry.terraform.io/hashicorp/template\"]",
      "instances": [
        {
          "schema_version": 0,
          "attributes": {
            "filename": null,
            "id": "8f585575a358dc99789ddb8999f25a6dd6eb45b5f2cb812ec5863323ea5c109c",
            "rendered": "network-interfaces: |\n  auto ens3\n  iface ens3 inet static\n  address 192.168.100.100\n  network 192.168.100.0\n  netmask 255.255.255.0\n  broadcast 192.168.100.255\n  gateway 192.168.100.1\n  dns-nameservers 8.8.8.8\nbootcmd:\n  - ifdown ens3\n  - ifup ens3\n",
            "template": "network-interfaces: |\n  auto ens3\n  iface ens3 inet static\n  address ${ip}\n  network 192.168.100.0\n  netmask 255.255.255.0\n  broadcast 192.168.100.255\n  gateway 192.168.100.1\n  dns-nameservers 8.8.8.8\nbootcmd:\n  - ifdown ens3\n  - ifup ens3\n",
            "vars": {
              "ip": "192.168.100.100"
            }
          },
          "sensitive_attributes": []
        }
      ]
    },
    {
      "module": "module.debian12",
      "mode": "data",
      "type": "template_file",
      "name": "user_data",
      "provider": "provider[\"registry.terraform.io/hashicorp/template\"]",
      "instances": [
        {
          "schema_version": 0,
          "attributes": {
            "filename": null,
            "id": "114ae0351f49042131b9be02275faac1e6ba96ed5b3d4f24da7559a5b3b8ea10",
            "rendered": "#cloud-config\n# https://cloudinit.readthedocs.io/en/latest/\n# Credentials are gigi/gigi (generate a new one with =\u003e mkpasswd --method=SHA-512 [--rounds=4096])\nhostname: debian12\nfqdn: debian12.gigix\nusers:\n  - name: gigi\n    sudo: ALL=(ALL) NOPASSWD:ALL\n    groups: users, admin\n    home: /home/gigi\n    shell: /bin/bash\n    lock_passwd: false\n    ssh-authorized-keys:\n      - ssh-rsa AAAAB3NzaC1yc2EAAAADAQABAAACAQCv7HkqkrSThSFP8y5GDlgPwMB977DeQfDVPaQ3khFJz4sRdEUgNhLnKa6/OPIBnCxksy50tQZOJ5ZBdlLt7k9jBphu8zzIXhDw0inI9hfzxt5Ay6t2xRplnr2G91EoPAbvy1yQeqwrhjsvDhr6vvW/0BzfFRO/fnrql8gjhDtejK1j81zjnIHl2TjPkjctz98sXXXwvRjECoV3B8HLpjE39QLdJOcMPQWx2kMrpamPYAdwwhRY0HcD3up0o8Dsl2t3TIdPRM97yPdn6M9hrrNBFQmg2v41u0Tl2j0wUFFXECE66D3BAi1/vvxzdyhUnko52aWCkFrreJ8ShYNwRobVIezl5YcVkKEUZ3lCdGOQI/EQbbsl/JKGwwn2QhW3tMNpt5Eur8whk9qwfY9dUeIaTcLEllzuQfcqh8UGF4hsGo5Gr9fisqQWD6xQ7F3Ob0sU+22r1mKVCeu9gQKU+AATLQ4e5XSaeK6fdAZmAEUt+jAVqKRuGm7mvzTPqBUKtlqvUsQa8VEn0RRETaoQF3/lxnrVx/kHwUwGsv3YCC92RghSZ6NFSfV1n94EUbWEUr/mMx351i6/XRtp85AZbncNDUs6OH+pO2MdUdMcLzNTPy+S1hEQRWXan8em0tLlLbThxB4aaTCiaCT8PRZ0v+ZlCHe7QYWbEt9ZTkvtG4aX1w== gigi@xps15\nssh_pwauth: true\nchpasswd:\n  list: |\n    # gigi: $6$LWSQeMeRRUbiCUA3$AlsAfdcbvNSCCKrfuIvYfD7OGjoh.wJ3SOAe6kBdFLo2lQBqqEaJ3euaP3ejPMDWDOEom2O9Q7Be9JnSNjSnS/\n    gigi: gigi\n  expire: False\n# packages:\n# - httpd\n# - git\n\n# runcmd:\n#   - [ systemctl, enable, httpd ]\n#   - [ systemctl, start, httpd ]\n\nfinal_message: \"System is UP after $UPTIME seconds\"\n",
            "template": "#cloud-config\n# https://cloudinit.readthedocs.io/en/latest/\n# Credentials are gigi/gigi (generate a new one with =\u003e mkpasswd --method=SHA-512 [--rounds=4096])\nhostname: debian12\nfqdn: debian12.gigix\nusers:\n  - name: gigi\n    sudo: ALL=(ALL) NOPASSWD:ALL\n    groups: users, admin\n    home: /home/gigi\n    shell: /bin/bash\n    lock_passwd: false\n    ssh-authorized-keys:\n      - ssh-rsa AAAAB3NzaC1yc2EAAAADAQABAAACAQCv7HkqkrSThSFP8y5GDlgPwMB977DeQfDVPaQ3khFJz4sRdEUgNhLnKa6/OPIBnCxksy50tQZOJ5ZBdlLt7k9jBphu8zzIXhDw0inI9hfzxt5Ay6t2xRplnr2G91EoPAbvy1yQeqwrhjsvDhr6vvW/0BzfFRO/fnrql8gjhDtejK1j81zjnIHl2TjPkjctz98sXXXwvRjECoV3B8HLpjE39QLdJOcMPQWx2kMrpamPYAdwwhRY0HcD3up0o8Dsl2t3TIdPRM97yPdn6M9hrrNBFQmg2v41u0Tl2j0wUFFXECE66D3BAi1/vvxzdyhUnko52aWCkFrreJ8ShYNwRobVIezl5YcVkKEUZ3lCdGOQI/EQbbsl/JKGwwn2QhW3tMNpt5Eur8whk9qwfY9dUeIaTcLEllzuQfcqh8UGF4hsGo5Gr9fisqQWD6xQ7F3Ob0sU+22r1mKVCeu9gQKU+AATLQ4e5XSaeK6fdAZmAEUt+jAVqKRuGm7mvzTPqBUKtlqvUsQa8VEn0RRETaoQF3/lxnrVx/kHwUwGsv3YCC92RghSZ6NFSfV1n94EUbWEUr/mMx351i6/XRtp85AZbncNDUs6OH+pO2MdUdMcLzNTPy+S1hEQRWXan8em0tLlLbThxB4aaTCiaCT8PRZ0v+ZlCHe7QYWbEt9ZTkvtG4aX1w== gigi@xps15\nssh_pwauth: true\nchpasswd:\n  list: |\n    # gigi: $6$LWSQeMeRRUbiCUA3$AlsAfdcbvNSCCKrfuIvYfD7OGjoh.wJ3SOAe6kBdFLo2lQBqqEaJ3euaP3ejPMDWDOEom2O9Q7Be9JnSNjSnS/\n    gigi: gigi\n  expire: False\n# packages:\n# - httpd\n# - git\n\n# runcmd:\n#   - [ systemctl, enable, httpd ]\n#   - [ systemctl, start, httpd ]\n\nfinal_message: \"System is UP after $UPTIME seconds\"\n",
            "vars": null
          },
          "sensitive_attributes": []
        }
      ]
    },
    {
      "module": "module.debian12",
      "mode": "managed",
      "type": "libvirt_cloudinit_disk",
      "name": "commoninit",
      "provider": "module.debian12.provider[\"registry.terraform.io/dmacvicar/libvirt\"]",
      "instances": [
        {
          "schema_version": 0,
          "attributes": {
            "id": "/home/kvm/vms/commoninit.iso;cd52d3f4-572e-4692-8856-262d9da27c25",
            "meta_data": "",
            "name": "commoninit.iso",
            "network_config": "",
            "pool": "default",
            "user_data": "#cloud-config\n# https://cloudinit.readthedocs.io/en/latest/\n# Credentials are gigi/gigi (generate a new one with =\u003e mkpasswd --method=SHA-512 [--rounds=4096])\nhostname: debian12\nfqdn: debian12.gigix\nusers:\n  - name: gigi\n    sudo: ALL=(ALL) NOPASSWD:ALL\n    groups: users, admin\n    home: /home/gigi\n    shell: /bin/bash\n    lock_passwd: false\n    ssh-authorized-keys:\n      - ssh-rsa AAAAB3NzaC1yc2EAAAADAQABAAACAQCv7HkqkrSThSFP8y5GDlgPwMB977DeQfDVPaQ3khFJz4sRdEUgNhLnKa6/OPIBnCxksy50tQZOJ5ZBdlLt7k9jBphu8zzIXhDw0inI9hfzxt5Ay6t2xRplnr2G91EoPAbvy1yQeqwrhjsvDhr6vvW/0BzfFRO/fnrql8gjhDtejK1j81zjnIHl2TjPkjctz98sXXXwvRjECoV3B8HLpjE39QLdJOcMPQWx2kMrpamPYAdwwhRY0HcD3up0o8Dsl2t3TIdPRM97yPdn6M9hrrNBFQmg2v41u0Tl2j0wUFFXECE66D3BAi1/vvxzdyhUnko52aWCkFrreJ8ShYNwRobVIezl5YcVkKEUZ3lCdGOQI/EQbbsl/JKGwwn2QhW3tMNpt5Eur8whk9qwfY9dUeIaTcLEllzuQfcqh8UGF4hsGo5Gr9fisqQWD6xQ7F3Ob0sU+22r1mKVCeu9gQKU+AATLQ4e5XSaeK6fdAZmAEUt+jAVqKRuGm7mvzTPqBUKtlqvUsQa8VEn0RRETaoQF3/lxnrVx/kHwUwGsv3YCC92RghSZ6NFSfV1n94EUbWEUr/mMx351i6/XRtp85AZbncNDUs6OH+pO2MdUdMcLzNTPy+S1hEQRWXan8em0tLlLbThxB4aaTCiaCT8PRZ0v+ZlCHe7QYWbEt9ZTkvtG4aX1w== gigi@xps15\nssh_pwauth: true\nchpasswd:\n  list: |\n    # gigi: $6$LWSQeMeRRUbiCUA3$AlsAfdcbvNSCCKrfuIvYfD7OGjoh.wJ3SOAe6kBdFLo2lQBqqEaJ3euaP3ejPMDWDOEom2O9Q7Be9JnSNjSnS/\n    gigi: gigi\n  expire: False\n# packages:\n# - httpd\n# - git\n\n# runcmd:\n#   - [ systemctl, enable, httpd ]\n#   - [ systemctl, start, httpd ]\n\nfinal_message: \"System is UP after $UPTIME seconds\"\n"
          },
          "sensitive_attributes": [],
          "private": "bnVsbA==",
          "dependencies": [
            "module.debian12.data.template_file.meta_data",
            "module.debian12.data.template_file.user_data"
          ]
        }
      ]
    },
    {
      "module": "module.debian12",
      "mode": "managed",
      "type": "libvirt_domain",
      "name": "debian12",
      "provider": "module.debian12.provider[\"registry.terraform.io/dmacvicar/libvirt\"]",
      "instances": [
        {
          "schema_version": 0,
          "attributes": {
            "arch": "x86_64",
            "autostart": false,
            "boot_device": [],
            "cloudinit": "/home/kvm/vms/commoninit.iso;cd52d3f4-572e-4692-8856-262d9da27c25",
            "cmdline": null,
            "console": [
              {
                "source_host": "127.0.0.1",
                "source_path": "",
                "source_service": "0",
                "target_port": "0",
                "target_type": "serial",
                "type": "pty"
              }
            ],
            "coreos_ignition": null,
            "cpu": [
              {
                "mode": "custom"
              }
            ],
            "description": "",
            "disk": [
              {
                "block_device": "",
                "file": "",
                "scsi": false,
                "url": "",
                "volume_id": "/home/kvm/vms/debian12.qcow2",
                "wwn": ""
              }
            ],
            "emulator": "/usr/bin/qemu-system-x86_64",
            "filesystem": [],
            "firmware": null,
            "fw_cfg_name": "opt/com.coreos/config",
            "graphics": [
              {
                "autoport": true,
                "listen_address": "127.0.0.1",
                "listen_type": "address",
                "type": "spice",
                "websocket": 0
              }
            ],
            "id": "5b8b295f-4a54-4e63-be60-71a4d970c6f9",
            "initrd": "",
            "kernel": "",
            "machine": "ubuntu",
            "memory": 1024,
            "metadata": null,
            "name": "debian12",
            "network_interface": [
              {
                "addresses": [
                  "192.168.100.234"
                ],
                "bridge": "",
                "hostname": "",
                "mac": "52:54:00:DA:6D:BE",
                "macvtap": "",
                "network_id": "93e93bed-4035-4fd3-a9b4-cb4e1aea469d",
                "network_name": "mynetwork",
                "passthrough": "",
                "vepa": "",
                "wait_for_lease": true
              }
            ],
            "nvram": [],
            "qemu_agent": false,
            "running": true,
            "timeouts": null,
            "tpm": [],
            "type": "kvm",
            "vcpu": 2,
            "video": [],
            "xml": []
          },
          "sensitive_attributes": [],
          "private": "eyJlMmJmYjczMC1lY2FhLTExZTYtOGY4OC0zNDM2M2JjN2M0YzAiOnsiY3JlYXRlIjozMDAwMDAwMDAwMDB9fQ==",
          "dependencies": [
            "libvirt_network.mynetwork",
            "module.debian12.data.template_file.meta_data",
            "module.debian12.data.template_file.user_data",
            "module.debian12.libvirt_cloudinit_disk.commoninit",
            "module.debian12.libvirt_volume.debian12-qcow2"
          ]
        }
      ]
    },
    {
      "module": "module.debian12",
      "mode": "managed",
      "type": "libvirt_volume",
      "name": "debian12-qcow2",
      "provider": "module.debian12.provider[\"registry.terraform.io/dmacvicar/libvirt\"]",
      "instances": [
        {
          "schema_version": 0,
          "attributes": {
            "base_volume_id": null,
            "base_volume_name": null,
            "base_volume_pool": null,
            "format": "qcow2",
            "id": "/home/kvm/vms/debian12.qcow2",
            "name": "debian12.qcow2",
            "pool": "default",
            "size": 2147483648,
            "source": "https://cloud.debian.org/images/cloud/bookworm/latest/debian-12-generic-amd64.qcow2",
            "xml": []
          },
          "sensitive_attributes": [],
          "private": "bnVsbA=="
        }
      ]
    }
  ],
  "check_results": null
}
